{
    "name": "academia",
    "version": "0.0.1",
    "lockfileVersion": 3,
    "requires": true,
    "packages": {
        "": {
            "name": "academia",
            "version": "0.0.1",
            "devDependencies": {
                "@tauri-apps/cli": "^2.0.0-alpha.18"
            }
        },
        "node_modules/@tauri-apps/cli": {
            "version": "2.0.0-alpha.18",
            "resolved": "https://registry.npmjs.org/@tauri-apps/cli/-/cli-2.0.0-alpha.18.tgz",
            "integrity": "sha512-M6KynJjEVyJuuBbt6EaiGiyKh/v8CF3pzCYzpjTy/rG6YXsZTnqRCOQqdWCB0KyHeDsPSODmoaDGyFq+MoZfig==",
            "dev": true,
            "bin": {
                "tauri": "tauri.js"
            },
            "engines": {
                "node": ">= 10"
            },
            "funding": {
                "type": "opencollective",
                "url": "https://opencollective.com/tauri"
            },
            "optionalDependencies": {
                "@tauri-apps/cli-darwin-arm64": "2.0.0-alpha.18",
                "@tauri-apps/cli-darwin-x64": "2.0.0-alpha.18",
                "@tauri-apps/cli-linux-arm-gnueabihf": "2.0.0-alpha.18",
                "@tauri-apps/cli-linux-arm64-gnu": "2.0.0-alpha.18",
                "@tauri-apps/cli-linux-arm64-musl": "2.0.0-alpha.18",
                "@tauri-apps/cli-linux-x64-gnu": "2.0.0-alpha.18",
                "@tauri-apps/cli-linux-x64-musl": "2.0.0-alpha.18",
                "@tauri-apps/cli-win32-arm64-msvc": "2.0.0-alpha.18",
                "@tauri-apps/cli-win32-ia32-msvc": "2.0.0-alpha.18",
                "@tauri-apps/cli-win32-x64-msvc": "2.0.0-alpha.18"
            }
        },
        "node_modules/@tauri-apps/cli-win32-x64-msvc": {
            "version": "2.0.0-alpha.18",
            "resolved": "https://registry.npmjs.org/@tauri-apps/cli-win32-x64-msvc/-/cli-win32-x64-msvc-2.0.0-alpha.18.tgz",
            "integrity": "sha512-quIImUuN2bbUMX0WZKbeqpSlKT949e2AZJ93p/NaFd0op5EdFV6Z42Y5YpLb3PTodOen1J3wWCGKdLDc+sgcuA==",
            "cpu": [
                "x64"
            ],
            "dev": true,
            "optional": true,
            "os": [
                "win32"
            ],
            "engines": {
                "node": ">= 10"
            }
        }
    }
}
